
Microsoft Visual Studio Solution File, Format Version 11.00
# Visual Studio 2010
Project("{FAE04EC0-301F-11D3-BF4B-00C04F79EFBC}") = "Prolog", "Prolog\Prolog.csproj", "{171A6B22-168C-4662-8706-131C098622BD}"
EndProject
Project("{FAE04EC0-301F-11D3-BF4B-00C04F79EFBC}") = "PrologTest", "PrologTest\PrologTest.csproj", "{9FC4BB27-9852-4771-918A-9E5788380895}"
EndProject
Project("{FAE04EC0-301F-11D3-BF4B-00C04F79EFBC}") = "Prolog.Specs", "Prolog.Specs\Prolog.Specs.csproj", "{437C4D5D-F465-4592-97B4-8428DEDB14F8}"
EndProject
Project("{2150E333-8FDC-42A3-9474-1A3956D46DE8}") = ".nuget", ".nuget", "{A6E20953-4F26-4AF1-A30B-0CED6C0F1B62}"
	ProjectSection(SolutionItems) = preProject
		.nuget\packages.config = .nuget\packages.config
	EndProjectSection
EndProject
Global
	GlobalSection(SolutionConfigurationPlatforms) = preSolution
		Debug|Any CPU = Debug|Any CPU
		Release|Any CPU = Release|Any CPU
	EndGlobalSection
	GlobalSection(ProjectConfigurationPlatforms) = postSolution
		{171A6B22-168C-4662-8706-131C098622BD}.Debug|Any CPU.ActiveCfg = Debug|Any CPU
		{171A6B22-168C-4662-8706-131C098622BD}.Debug|Any CPU.Build.0 = Debug|Any CPU
		{171A6B22-168C-4662-8706-131C098622BD}.Release|Any CPU.ActiveCfg = Release|Any CPU
		{171A6B22-168C-4662-8706-131C098622BD}.Release|Any CPU.Build.0 = Release|Any CPU
		{9FC4BB27-9852-4771-918A-9E5788380895}.Debug|Any CPU.ActiveCfg = Debug|Any CPU
		{9FC4BB27-9852-4771-918A-9E5788380895}.Debug|Any CPU.Build.0 = Debug|Any CPU
		{9FC4BB27-9852-4771-918A-9E5788380895}.Release|Any CPU.ActiveCfg = Release|Any CPU
		{9FC4BB27-9852-4771-918A-9E5788380895}.Release|Any CPU.Build.0 = Release|Any CPU
		{437C4D5D-F465-4592-97B4-8428DEDB14F8}.Debug|Any CPU.ActiveCfg = Debug|Any CPU
		{437C4D5D-F465-4592-97B4-8428DEDB14F8}.Debug|Any CPU.Build.0 = Debug|Any CPU
		{437C4D5D-F465-4592-97B4-8428DEDB14F8}.Release|Any CPU.ActiveCfg = Release|Any CPU
		{437C4D5D-F465-4592-97B4-8428DEDB14F8}.Release|Any CPU.Build.0 = Release|Any CPU
	EndGlobalSection
	GlobalSection(SolutionProperties) = preSolution
		HideSolutionNode = FALSE
	EndGlobalSection
EndGlobal
