
Microsoft Visual Studio Solution File, Format Version 11.00
# Visual Studio 2010
Project("{FAE04EC0-301F-11D3-BF4B-00C04F79EFBC}") = "Prolog", "Prolog\Prolog.csproj", "{171A6B22-168C-4662-8706-131C098622BD}"
EndProject
Project("{FAE04EC0-301F-11D3-BF4B-00C04F79EFBC}") = "PrologTest", "PrologTest\PrologTest.csproj", "{9FC4BB27-9852-4771-918A-9E5788380895}"
EndProject
Project("{FAE04EC0-301F-11D3-BF4B-00C04F79EFBC}") = "Prolog.Specs", "Prolog.Specs\Prolog.Specs.csproj", "{437C4D5D-F465-4592-97B4-8428DEDB14F8}"
EndProject
Project("{2150E333-8FDC-42A3-9474-1A3956D46DE8}") = ".nuget", ".nuget", "{A6E20953-4F26-4AF1-A30B-0CED6C0F1B62}"
	ProjectSection(SolutionItems) = preProject
		.nuget\packages.config = .nuget\packages.config
	EndProjectSection
EndProject
Project("{FAE04EC0-301F-11D3-BF4B-00C04F79EFBC}") = "PrologScheduler", "PrologSchedule\PrologScheduler.csproj", "{3D81B439-74E4-4534-9D56-C8AAE9B320E2}"
EndProject
Project("{FAE04EC0-301F-11D3-BF4B-00C04F79EFBC}") = "PrologWorkbench", "PrologWorkbench\PrologWorkbench.csproj", "{65E6D859-7578-4A05-827C-3D36AE640364}"
EndProject
Project("{FAE04EC0-301F-11D3-BF4B-00C04F79EFBC}") = "PrologWorkbench.Theme", "PrologWorkbench.Theme\PrologWorkbench.Theme.csproj", "{D9BCD156-95E0-4B3D-9E2D-E8E606149894}"
EndProject
Global
	GlobalSection(SolutionConfigurationPlatforms) = preSolution
		Debug|Any CPU = Debug|Any CPU
		Release|Any CPU = Release|Any CPU
	EndGlobalSection
	GlobalSection(ProjectConfigurationPlatforms) = postSolution
		{171A6B22-168C-4662-8706-131C098622BD}.Debug|Any CPU.ActiveCfg = Debug|Any CPU
		{171A6B22-168C-4662-8706-131C098622BD}.Debug|Any CPU.Build.0 = Debug|Any CPU
		{171A6B22-168C-4662-8706-131C098622BD}.Release|Any CPU.ActiveCfg = Release|Any CPU
		{171A6B22-168C-4662-8706-131C098622BD}.Release|Any CPU.Build.0 = Release|Any CPU
		{9FC4BB27-9852-4771-918A-9E5788380895}.Debug|Any CPU.ActiveCfg = Debug|Any CPU
		{9FC4BB27-9852-4771-918A-9E5788380895}.Debug|Any CPU.Build.0 = Debug|Any CPU
		{9FC4BB27-9852-4771-918A-9E5788380895}.Release|Any CPU.ActiveCfg = Release|Any CPU
		{9FC4BB27-9852-4771-918A-9E5788380895}.Release|Any CPU.Build.0 = Release|Any CPU
		{437C4D5D-F465-4592-97B4-8428DEDB14F8}.Debug|Any CPU.ActiveCfg = Debug|Any CPU
		{437C4D5D-F465-4592-97B4-8428DEDB14F8}.Debug|Any CPU.Build.0 = Debug|Any CPU
		{437C4D5D-F465-4592-97B4-8428DEDB14F8}.Release|Any CPU.ActiveCfg = Release|Any CPU
		{437C4D5D-F465-4592-97B4-8428DEDB14F8}.Release|Any CPU.Build.0 = Release|Any CPU
		{3D81B439-74E4-4534-9D56-C8AAE9B320E2}.Debug|Any CPU.ActiveCfg = Debug|Any CPU
		{3D81B439-74E4-4534-9D56-C8AAE9B320E2}.Debug|Any CPU.Build.0 = Debug|Any CPU
		{3D81B439-74E4-4534-9D56-C8AAE9B320E2}.Release|Any CPU.ActiveCfg = Release|Any CPU
		{3D81B439-74E4-4534-9D56-C8AAE9B320E2}.Release|Any CPU.Build.0 = Release|Any CPU
		{65E6D859-7578-4A05-827C-3D36AE640364}.Debug|Any CPU.ActiveCfg = Debug|Any CPU
		{65E6D859-7578-4A05-827C-3D36AE640364}.Debug|Any CPU.Build.0 = Debug|Any CPU
		{65E6D859-7578-4A05-827C-3D36AE640364}.Release|Any CPU.ActiveCfg = Release|Any CPU
		{65E6D859-7578-4A05-827C-3D36AE640364}.Release|Any CPU.Build.0 = Release|Any CPU
		{D9BCD156-95E0-4B3D-9E2D-E8E606149894}.Debug|Any CPU.ActiveCfg = Debug|Any CPU
		{D9BCD156-95E0-4B3D-9E2D-E8E606149894}.Debug|Any CPU.Build.0 = Debug|Any CPU
		{D9BCD156-95E0-4B3D-9E2D-E8E606149894}.Release|Any CPU.ActiveCfg = Release|Any CPU
		{D9BCD156-95E0-4B3D-9E2D-E8E606149894}.Release|Any CPU.Build.0 = Release|Any CPU
	EndGlobalSection
	GlobalSection(SolutionProperties) = preSolution
		HideSolutionNode = FALSE
	EndGlobalSection
	GlobalSection(ExtensibilityGlobals) = postSolution
		EnterpriseLibraryConfigurationToolBinariesPath = packages\Unity.2.1.505.2\lib\NET35
	EndGlobalSection
	GlobalSection(Performance) = preSolution
		HasPerformanceSessions = true
	EndGlobalSection
EndGlobal
